# This file is automatically @generated by Cargo.
# It is not intended for manual editing.
version = 4

[[package]]
name = "thoth-mesh"
version = "0.0.1"
dependencies = [
 "thoth-mesh-core",
]

[[package]]
name = "thoth-mesh-cli"
version = "0.0.1"
dependencies = [
 "thoth-mesh-core",
]

[[package]]
name = "thoth-mesh-core"
version = "0.0.1"

[[package]]
name = "thoth-mesh-node"
version = "0.0.1"
dependencies = [
 "thoth-mesh",
 "thoth-mesh-core",
]
