# This file is automatically @generated by Cargo.
# It is not intended for manual editing.
version = 4

[[package]]
name = "thoth"
version = "0.0.1"

[[package]]
name = "thoth-cli"
version = "0.0.1"
dependencies = [
 "thoth",
]

[[package]]
name = "thoth-mesh"
version = "0.0.1"
dependencies = [
 "thoth",
]

[[package]]
name = "thoth-node"
version = "0.0.1"
dependencies = [
 "thoth",
 "thoth-mesh",
]
